
Microsoft Visual Studio Solution File, Format Version 12.00
# Visual Studio Version 17
VisualStudioVersion = 17.9.34616.47
MinimumVisualStudioVersion = 10.0.40219.1
Project("{FAE04EC0-301F-11D3-BF4B-00C04F79EFBC}") = "practice-github-with-CSharp", "practice-github-with-CSharp.csproj", "{CFDD5607-3C81-42C0-B7D6-3AE8D94EB766}"
EndProject
Global
	GlobalSection(SolutionConfigurationPlatforms) = preSolution
		Debug|Any CPU = Debug|Any CPU
		Release|Any CPU = Release|Any CPU
	EndGlobalSection
	GlobalSection(ProjectConfigurationPlatforms) = postSolution
		{CFDD5607-3C81-42C0-B7D6-3AE8D94EB766}.Debug|Any CPU.ActiveCfg = Debug|Any CPU
		{CFDD5607-3C81-42C0-B7D6-3AE8D94EB766}.Debug|Any CPU.Build.0 = Debug|Any CPU
		{CFDD5607-3C81-42C0-B7D6-3AE8D94EB766}.Release|Any CPU.ActiveCfg = Release|Any CPU
		{CFDD5607-3C81-42C0-B7D6-3AE8D94EB766}.Release|Any CPU.Build.0 = Release|Any CPU
	EndGlobalSection
	GlobalSection(SolutionProperties) = preSolution
		HideSolutionNode = FALSE
	EndGlobalSection
	GlobalSection(ExtensibilityGlobals) = postSolution
		SolutionGuid = {AC7DF42E-BAB8-4FA1-BD62-080869CB8639}
	EndGlobalSection
EndGlobal
